
Microsoft Visual Studio Solution File, Format Version 12.00
# Visual Studio 2012
Project("{8BC9CEB8-8B4A-11D0-8D11-00A0C91BC942}") = "JuggleLib", "JuggleLib\JuggleLib.vcxproj", "{7CA8B697-9475-4E18-88F9-902F3C42D71D}"
EndProject
Project("{8BC9CEB8-8B4A-11D0-8D11-00A0C91BC942}") = "TrajectoryPlayConsole", "TrajectoryPlayConsole\TrajectoryPlayConsole.vcxproj", "{FE1B4D2F-2A52-443B-91D1-65BC1948EBFF}"
	ProjectSection(ProjectDependencies) = postProject
		{7CA8B697-9475-4E18-88F9-902F3C42D71D} = {7CA8B697-9475-4E18-88F9-902F3C42D71D}
	EndProjectSection
EndProject
Project("{8BC9CEB8-8B4A-11D0-8D11-00A0C91BC942}") = "untitests", "untitests\untitests.vcxproj", "{EFFE40D5-A62A-40A8-9F48-42A3E7EAACB8}"
	ProjectSection(ProjectDependencies) = postProject
		{7CA8B697-9475-4E18-88F9-902F3C42D71D} = {7CA8B697-9475-4E18-88F9-902F3C42D71D}
	EndProjectSection
EndProject
Project("{8BC9CEB8-8B4A-11D0-8D11-00A0C91BC942}") = "TimerPlay", "TimerPlay\TimerPlay.vcxproj", "{4107F3B3-EA0F-49D7-B1D4-08247592957D}"
EndProject
Global
	GlobalSection(SolutionConfigurationPlatforms) = preSolution
		Debug|Win32 = Debug|Win32
		Debug|x64 = Debug|x64
		Release|Win32 = Release|Win32
		Release|x64 = Release|x64
	EndGlobalSection
	GlobalSection(ProjectConfigurationPlatforms) = postSolution
		{7CA8B697-9475-4E18-88F9-902F3C42D71D}.Debug|Win32.ActiveCfg = Debug|Win32
		{7CA8B697-9475-4E18-88F9-902F3C42D71D}.Debug|Win32.Build.0 = Debug|Win32
		{7CA8B697-9475-4E18-88F9-902F3C42D71D}.Debug|x64.ActiveCfg = Debug|x64
		{7CA8B697-9475-4E18-88F9-902F3C42D71D}.Debug|x64.Build.0 = Debug|x64
		{7CA8B697-9475-4E18-88F9-902F3C42D71D}.Release|Win32.ActiveCfg = Release|Win32
		{7CA8B697-9475-4E18-88F9-902F3C42D71D}.Release|Win32.Build.0 = Release|Win32
		{7CA8B697-9475-4E18-88F9-902F3C42D71D}.Release|x64.ActiveCfg = Release|x64
		{7CA8B697-9475-4E18-88F9-902F3C42D71D}.Release|x64.Build.0 = Release|x64
		{FE1B4D2F-2A52-443B-91D1-65BC1948EBFF}.Debug|Win32.ActiveCfg = Debug|Win32
		{FE1B4D2F-2A52-443B-91D1-65BC1948EBFF}.Debug|Win32.Build.0 = Debug|Win32
		{FE1B4D2F-2A52-443B-91D1-65BC1948EBFF}.Debug|x64.ActiveCfg = Debug|Win32
		{FE1B4D2F-2A52-443B-91D1-65BC1948EBFF}.Release|Win32.ActiveCfg = Release|Win32
		{FE1B4D2F-2A52-443B-91D1-65BC1948EBFF}.Release|Win32.Build.0 = Release|Win32
		{FE1B4D2F-2A52-443B-91D1-65BC1948EBFF}.Release|x64.ActiveCfg = Release|Win32
		{EFFE40D5-A62A-40A8-9F48-42A3E7EAACB8}.Debug|Win32.ActiveCfg = Debug|Win32
		{EFFE40D5-A62A-40A8-9F48-42A3E7EAACB8}.Debug|Win32.Build.0 = Debug|Win32
		{EFFE40D5-A62A-40A8-9F48-42A3E7EAACB8}.Debug|x64.ActiveCfg = Debug|Win32
		{EFFE40D5-A62A-40A8-9F48-42A3E7EAACB8}.Release|Win32.ActiveCfg = Release|Win32
		{EFFE40D5-A62A-40A8-9F48-42A3E7EAACB8}.Release|Win32.Build.0 = Release|Win32
		{EFFE40D5-A62A-40A8-9F48-42A3E7EAACB8}.Release|x64.ActiveCfg = Release|Win32
		{4107F3B3-EA0F-49D7-B1D4-08247592957D}.Debug|Win32.ActiveCfg = Debug|Win32
		{4107F3B3-EA0F-49D7-B1D4-08247592957D}.Debug|Win32.Build.0 = Debug|Win32
		{4107F3B3-EA0F-49D7-B1D4-08247592957D}.Debug|x64.ActiveCfg = Debug|Win32
		{4107F3B3-EA0F-49D7-B1D4-08247592957D}.Release|Win32.ActiveCfg = Release|Win32
		{4107F3B3-EA0F-49D7-B1D4-08247592957D}.Release|Win32.Build.0 = Release|Win32
		{4107F3B3-EA0F-49D7-B1D4-08247592957D}.Release|x64.ActiveCfg = Release|Win32
	EndGlobalSection
	GlobalSection(SolutionProperties) = preSolution
		HideSolutionNode = FALSE
	EndGlobalSection
EndGlobal
