<?xml version="1.0" encoding="utf-8"?>
<Project ToolsVersion="4.0" xmlns="http://schemas.microsoft.com/developer/msbuild/2003">
  <ItemGroup>
    <Filter Include="Resource Files">
      <UniqueIdentifier>{67DA6AB6-F800-4c08-8B7A-83BB121AAD01}</UniqueIdentifier>
      <Extensions>rc;ico;cur;bmp;dlg;rc2;rct;bin;rgs;gif;jpg;jpeg;jpe;resx;tiff;tif;png;wav;mfcribbon-ms</Extensions>
    </Filter>
  </ItemGroup>
  <ItemGroup>
    <ClCompile Include="JuggleLib.cpp" />
    <ClCompile Include="pch.cpp" />
    <ClCompile Include="Prop.cpp" />
    <ClCompile Include="Trajectory.cpp" />
    <ClCompile Include="Hand.cpp" />
    <ClCompile Include="DropException.cpp" />
  </ItemGroup>
  <ItemGroup>
    <ClInclude Include="pch.h" />
    <ClInclude Include="targetver.h" />
    <ClInclude Include="Trajectory.h" />
    <ClInclude Include="DropException.h" />
    <ClInclude Include="..\include\DropException.h" />
    <ClInclude Include="..\include\Hand.h" />
    <ClInclude Include="..\include\Prop.h" />
    <ClInclude Include="common_state_machine.h" />
    <ClInclude Include="..\include\JuggleLib.h" />
    <ClInclude Include="..\include\Throw.h" />
  </ItemGroup>
  <ItemGroup>
    <None Include="ClassDiagram.cd" />
  </ItemGroup>
</Project>